
Microsoft Visual Studio Solution File, Format Version 12.00
Project("{2150E333-8FDC-42A3-9474-1A3956D46DE8}") = "01 - OOP", "01 - OOP", "{16DE3DB7-B519-4ABE-8D9D-18CA894AEC42}"
EndProject
Project("{FAE04EC0-301F-11D3-BF4B-00C04F79EFBC}") = "OOP", "OOP\OOP.csproj", "{C452527D-2524-41E3-ACFF-99DD60C361BA}"
EndProject
Project("{2150E333-8FDC-42A3-9474-1A3956D46DE8}") = "02 - Modificadores", "02 - Modificadores", "{5D6B4A67-8BE0-4AC8-96C4-9453F90901C4}"
EndProject
Project("{FAE04EC0-301F-11D3-BF4B-00C04F79EFBC}") = "ProjetoA", "ProjetoA\ProjetoA.csproj", "{5F061517-9DAB-49FE-A110-C2C4FE05C356}"
EndProject
Project("{FAE04EC0-301F-11D3-BF4B-00C04F79EFBC}") = "ProjetoB", "ProjetoB\ProjetoB.csproj", "{2A06980B-623B-49A5-84F1-918EF30721E3}"
EndProject
Global
	GlobalSection(SolutionConfigurationPlatforms) = preSolution
		Debug|Any CPU = Debug|Any CPU
		Release|Any CPU = Release|Any CPU
	EndGlobalSection
	GlobalSection(NestedProjects) = preSolution
		{C452527D-2524-41E3-ACFF-99DD60C361BA} = {16DE3DB7-B519-4ABE-8D9D-18CA894AEC42}
		{5F061517-9DAB-49FE-A110-C2C4FE05C356} = {5D6B4A67-8BE0-4AC8-96C4-9453F90901C4}
		{2A06980B-623B-49A5-84F1-918EF30721E3} = {5D6B4A67-8BE0-4AC8-96C4-9453F90901C4}
	EndGlobalSection
	GlobalSection(ProjectConfigurationPlatforms) = postSolution
		{C452527D-2524-41E3-ACFF-99DD60C361BA}.Debug|Any CPU.ActiveCfg = Debug|Any CPU
		{C452527D-2524-41E3-ACFF-99DD60C361BA}.Debug|Any CPU.Build.0 = Debug|Any CPU
		{C452527D-2524-41E3-ACFF-99DD60C361BA}.Release|Any CPU.ActiveCfg = Release|Any CPU
		{C452527D-2524-41E3-ACFF-99DD60C361BA}.Release|Any CPU.Build.0 = Release|Any CPU
		{5F061517-9DAB-49FE-A110-C2C4FE05C356}.Debug|Any CPU.ActiveCfg = Debug|Any CPU
		{5F061517-9DAB-49FE-A110-C2C4FE05C356}.Debug|Any CPU.Build.0 = Debug|Any CPU
		{5F061517-9DAB-49FE-A110-C2C4FE05C356}.Release|Any CPU.ActiveCfg = Release|Any CPU
		{5F061517-9DAB-49FE-A110-C2C4FE05C356}.Release|Any CPU.Build.0 = Release|Any CPU
		{2A06980B-623B-49A5-84F1-918EF30721E3}.Debug|Any CPU.ActiveCfg = Debug|Any CPU
		{2A06980B-623B-49A5-84F1-918EF30721E3}.Debug|Any CPU.Build.0 = Debug|Any CPU
		{2A06980B-623B-49A5-84F1-918EF30721E3}.Release|Any CPU.ActiveCfg = Release|Any CPU
		{2A06980B-623B-49A5-84F1-918EF30721E3}.Release|Any CPU.Build.0 = Release|Any CPU
	EndGlobalSection
EndGlobal
